
Microsoft Visual Studio Solution File, Format Version 12.00
# Visual Studio Version 16
VisualStudioVersion = 16.0.30320.27
MinimumVisualStudioVersion = 10.0.40219.1
Project("{FAE04EC0-301F-11D3-BF4B-00C04F79EFBC}") = "Guia4_ADS_CrudCarrera", "Guia4_ADS_CrudCarrera.csproj", "{C6BD6FDE-2425-4AB7-8F4E-08B411383225}"
EndProject
Global
	GlobalSection(SolutionConfigurationPlatforms) = preSolution
		Debug|Any CPU = Debug|Any CPU
		Release|Any CPU = Release|Any CPU
	EndGlobalSection
	GlobalSection(ProjectConfigurationPlatforms) = postSolution
		{C6BD6FDE-2425-4AB7-8F4E-08B411383225}.Debug|Any CPU.ActiveCfg = Debug|Any CPU
		{C6BD6FDE-2425-4AB7-8F4E-08B411383225}.Debug|Any CPU.Build.0 = Debug|Any CPU
		{C6BD6FDE-2425-4AB7-8F4E-08B411383225}.Release|Any CPU.ActiveCfg = Release|Any CPU
		{C6BD6FDE-2425-4AB7-8F4E-08B411383225}.Release|Any CPU.Build.0 = Release|Any CPU
	EndGlobalSection
	GlobalSection(SolutionProperties) = preSolution
		HideSolutionNode = FALSE
	EndGlobalSection
	GlobalSection(ExtensibilityGlobals) = postSolution
		SolutionGuid = {82D92418-279B-4E35-97DE-9EEEC8C80D35}
	EndGlobalSection
EndGlobal
